
Microsoft Visual Studio Solution File, Format Version 12.00
# Visual Studio Version 17
VisualStudioVersion = 17.5.33530.505
MinimumVisualStudioVersion = 10.0.40219.1
Project("{9A19103F-16F7-4668-BE54-9A1E7A4F7556}") = "SharpMp4Parser", "SharpMp4Parser\SharpMp4Parser.csproj", "{9B26425C-3069-4A47-BF03-E0DCFEA243D3}"
EndProject
Project("{FAE04EC0-301F-11D3-BF4B-00C04F79EFBC}") = "SharpMp4Parser.Tests", "SharpMp4Parser.Tests\SharpMp4Parser.Tests.csproj", "{21D0EDD7-BB64-428E-997A-B2D3C8D2668A}"
EndProject
Project("{2150E333-8FDC-42A3-9474-1A3956D46DE8}") = "Solution Items", "Solution Items", "{8EC462FD-D22E-90A8-E5CE-7E832BA40C5D}"
	ProjectSection(SolutionItems) = preProject
		Directory.Build.props = Directory.Build.props
	EndProjectSection
EndProject
Global
	GlobalSection(SolutionConfigurationPlatforms) = preSolution
		Debug|Any CPU = Debug|Any CPU
		Release|Any CPU = Release|Any CPU
	EndGlobalSection
	GlobalSection(ProjectConfigurationPlatforms) = postSolution
		{9B26425C-3069-4A47-BF03-E0DCFEA243D3}.Debug|Any CPU.ActiveCfg = Debug|Any CPU
		{9B26425C-3069-4A47-BF03-E0DCFEA243D3}.Debug|Any CPU.Build.0 = Debug|Any CPU
		{9B26425C-3069-4A47-BF03-E0DCFEA243D3}.Release|Any CPU.ActiveCfg = Release|Any CPU
		{9B26425C-3069-4A47-BF03-E0DCFEA243D3}.Release|Any CPU.Build.0 = Release|Any CPU
		{21D0EDD7-BB64-428E-997A-B2D3C8D2668A}.Debug|Any CPU.ActiveCfg = Debug|Any CPU
		{21D0EDD7-BB64-428E-997A-B2D3C8D2668A}.Debug|Any CPU.Build.0 = Debug|Any CPU
		{21D0EDD7-BB64-428E-997A-B2D3C8D2668A}.Release|Any CPU.ActiveCfg = Release|Any CPU
		{21D0EDD7-BB64-428E-997A-B2D3C8D2668A}.Release|Any CPU.Build.0 = Release|Any CPU
	EndGlobalSection
	GlobalSection(SolutionProperties) = preSolution
		HideSolutionNode = FALSE
	EndGlobalSection
	GlobalSection(ExtensibilityGlobals) = postSolution
		SolutionGuid = {5BA3C5A1-D88D-483B-9EAD-6E44320E9724}
	EndGlobalSection
EndGlobal
